
Microsoft Visual Studio Solution File, Format Version 12.00
# Visual Studio Version 16
VisualStudioVersion = 16.0.28803.202
MinimumVisualStudioVersion = 10.0.40219.1
Project("{FAE04EC0-301F-11D3-BF4B-00C04F79EFBC}") = "KDVhesaplama", "KDVhesaplama.csproj", "{1A830082-6AA0-4427-B397-E20C11BD37E2}"
EndProject
Global
	GlobalSection(SolutionConfigurationPlatforms) = preSolution
		Debug|Any CPU = Debug|Any CPU
		Release|Any CPU = Release|Any CPU
	EndGlobalSection
	GlobalSection(ProjectConfigurationPlatforms) = postSolution
		{1A830082-6AA0-4427-B397-E20C11BD37E2}.Debug|Any CPU.ActiveCfg = Debug|Any CPU
		{1A830082-6AA0-4427-B397-E20C11BD37E2}.Debug|Any CPU.Build.0 = Debug|Any CPU
		{1A830082-6AA0-4427-B397-E20C11BD37E2}.Release|Any CPU.ActiveCfg = Release|Any CPU
		{1A830082-6AA0-4427-B397-E20C11BD37E2}.Release|Any CPU.Build.0 = Release|Any CPU
	EndGlobalSection
	GlobalSection(SolutionProperties) = preSolution
		HideSolutionNode = FALSE
	EndGlobalSection
	GlobalSection(ExtensibilityGlobals) = postSolution
		SolutionGuid = {0466BACD-1B56-4DC8-9C45-EA324D505A49}
	EndGlobalSection
EndGlobal
